
Microsoft Visual Studio Solution File, Format Version 11.00
# Visual Studio 2010
Project("{FAE04EC0-301F-11D3-BF4B-00C04F79EFBC}") = "Sentinel Tactics", "Assembly-CSharp.csproj", "{832EE954-8FF9-48F2-49AD-E802D7C9185D}"
EndProject
Project("{FAE04EC0-301F-11D3-BF4B-00C04F79EFBC}") = "Sentinel Tactics", "Assembly-CSharp-Editor.csproj", "{75A1F24C-6970-4CFF-E9CF-4DCF3BD3F0B9}"
EndProject
Global
	GlobalSection(SolutionConfigurationPlatforms) = preSolution
		Debug|Any CPU = Debug|Any CPU
		Release|Any CPU = Release|Any CPU
	EndGlobalSection
	GlobalSection(ProjectConfigurationPlatforms) = postSolution
		{832EE954-8FF9-48F2-49AD-E802D7C9185D}.Debug|Any CPU.ActiveCfg = Debug|Any CPU
		{832EE954-8FF9-48F2-49AD-E802D7C9185D}.Debug|Any CPU.Build.0 = Debug|Any CPU
		{832EE954-8FF9-48F2-49AD-E802D7C9185D}.Release|Any CPU.ActiveCfg = Release|Any CPU
		{832EE954-8FF9-48F2-49AD-E802D7C9185D}.Release|Any CPU.Build.0 = Release|Any CPU
		{75A1F24C-6970-4CFF-E9CF-4DCF3BD3F0B9}.Debug|Any CPU.ActiveCfg = Debug|Any CPU
		{75A1F24C-6970-4CFF-E9CF-4DCF3BD3F0B9}.Debug|Any CPU.Build.0 = Debug|Any CPU
		{75A1F24C-6970-4CFF-E9CF-4DCF3BD3F0B9}.Release|Any CPU.ActiveCfg = Release|Any CPU
		{75A1F24C-6970-4CFF-E9CF-4DCF3BD3F0B9}.Release|Any CPU.Build.0 = Release|Any CPU
	EndGlobalSection
	GlobalSection(SolutionProperties) = preSolution
		HideSolutionNode = FALSE
	EndGlobalSection
	GlobalSection(MonoDevelopProperties) = preSolution
		StartupItem = Assembly-CSharp.csproj
	EndGlobalSection
EndGlobal
